
Microsoft Visual Studio Solution File, Format Version 12.00
# Visual Studio Version 16
VisualStudioVersion = 16.0.30104.148
MinimumVisualStudioVersion = 10.0.40219.1
Project("{FAE04EC0-301F-11D3-BF4B-00C04F79EFBC}") = "App01_ConsultarCEP.UWP", "App01_ConsultarCEP\App01_ConsultarCEP.UWP\App01_ConsultarCEP.UWP.csproj", "{30387060-14A3-4A4F-AD15-E58D500105A9}"
EndProject
Project("{FAE04EC0-301F-11D3-BF4B-00C04F79EFBC}") = "App01_ConsultarCEP.Android", "App01_ConsultarCEP\App01_ConsultarCEP.Android\App01_ConsultarCEP.Android.csproj", "{4E948C26-D094-415C-9014-0331646D87E1}"
EndProject
Project("{FAE04EC0-301F-11D3-BF4B-00C04F79EFBC}") = "App01_ConsultarCEP.iOS", "App01_ConsultarCEP\App01_ConsultarCEP.iOS\App01_ConsultarCEP.iOS.csproj", "{EA2415B6-FB9A-4541-86AA-F597639C68AD}"
EndProject
Project("{FAE04EC0-301F-11D3-BF4B-00C04F79EFBC}") = "App01_ConsultarCEP", "App01_ConsultarCEP\App01_ConsultarCEP\App01_ConsultarCEP.csproj", "{E883DE59-C4A5-47F4-8FB4-68C57EA2AB8B}"
EndProject
Global
	GlobalSection(SolutionConfigurationPlatforms) = preSolution
		Debug|Any CPU = Debug|Any CPU
		Debug|ARM = Debug|ARM
		Debug|iPhone = Debug|iPhone
		Debug|iPhoneSimulator = Debug|iPhoneSimulator
		Debug|x64 = Debug|x64
		Debug|x86 = Debug|x86
		Release|Any CPU = Release|Any CPU
		Release|ARM = Release|ARM
		Release|iPhone = Release|iPhone
		Release|iPhoneSimulator = Release|iPhoneSimulator
		Release|x64 = Release|x64
		Release|x86 = Release|x86
	EndGlobalSection
	GlobalSection(ProjectConfigurationPlatforms) = postSolution
		{30387060-14A3-4A4F-AD15-E58D500105A9}.Debug|Any CPU.ActiveCfg = Debug|x86
		{30387060-14A3-4A4F-AD15-E58D500105A9}.Debug|Any CPU.Build.0 = Debug|x86
		{30387060-14A3-4A4F-AD15-E58D500105A9}.Debug|Any CPU.Deploy.0 = Debug|x86
		{30387060-14A3-4A4F-AD15-E58D500105A9}.Debug|ARM.ActiveCfg = Debug|ARM
		{30387060-14A3-4A4F-AD15-E58D500105A9}.Debug|ARM.Build.0 = Debug|ARM
		{30387060-14A3-4A4F-AD15-E58D500105A9}.Debug|ARM.Deploy.0 = Debug|ARM
		{30387060-14A3-4A4F-AD15-E58D500105A9}.Debug|iPhone.ActiveCfg = Debug|x86
		{30387060-14A3-4A4F-AD15-E58D500105A9}.Debug|iPhone.Build.0 = Debug|x86
		{30387060-14A3-4A4F-AD15-E58D500105A9}.Debug|iPhone.Deploy.0 = Debug|x86
		{30387060-14A3-4A4F-AD15-E58D500105A9}.Debug|iPhoneSimulator.ActiveCfg = Debug|x86
		{30387060-14A3-4A4F-AD15-E58D500105A9}.Debug|iPhoneSimulator.Build.0 = Debug|x86
		{30387060-14A3-4A4F-AD15-E58D500105A9}.Debug|iPhoneSimulator.Deploy.0 = Debug|x86
		{30387060-14A3-4A4F-AD15-E58D500105A9}.Debug|x64.ActiveCfg = Debug|x64
		{30387060-14A3-4A4F-AD15-E58D500105A9}.Debug|x64.Build.0 = Debug|x64
		{30387060-14A3-4A4F-AD15-E58D500105A9}.Debug|x64.Deploy.0 = Debug|x64
		{30387060-14A3-4A4F-AD15-E58D500105A9}.Debug|x86.ActiveCfg = Debug|x86
		{30387060-14A3-4A4F-AD15-E58D500105A9}.Debug|x86.Build.0 = Debug|x86
		{30387060-14A3-4A4F-AD15-E58D500105A9}.Debug|x86.Deploy.0 = Debug|x86
		{30387060-14A3-4A4F-AD15-E58D500105A9}.Release|Any CPU.ActiveCfg = Release|x86
		{30387060-14A3-4A4F-AD15-E58D500105A9}.Release|Any CPU.Build.0 = Release|x86
		{30387060-14A3-4A4F-AD15-E58D500105A9}.Release|Any CPU.Deploy.0 = Release|x86
		{30387060-14A3-4A4F-AD15-E58D500105A9}.Release|ARM.ActiveCfg = Release|ARM
		{30387060-14A3-4A4F-AD15-E58D500105A9}.Release|ARM.Build.0 = Release|ARM
		{30387060-14A3-4A4F-AD15-E58D500105A9}.Release|ARM.Deploy.0 = Release|ARM
		{30387060-14A3-4A4F-AD15-E58D500105A9}.Release|iPhone.ActiveCfg = Release|x86
		{30387060-14A3-4A4F-AD15-E58D500105A9}.Release|iPhone.Build.0 = Release|x86
		{30387060-14A3-4A4F-AD15-E58D500105A9}.Release|iPhone.Deploy.0 = Release|x86
		{30387060-14A3-4A4F-AD15-E58D500105A9}.Release|iPhoneSimulator.ActiveCfg = Release|x86
		{30387060-14A3-4A4F-AD15-E58D500105A9}.Release|iPhoneSimulator.Build.0 = Release|x86
		{30387060-14A3-4A4F-AD15-E58D500105A9}.Release|iPhoneSimulator.Deploy.0 = Release|x86
		{30387060-14A3-4A4F-AD15-E58D500105A9}.Release|x64.ActiveCfg = Release|x64
		{30387060-14A3-4A4F-AD15-E58D500105A9}.Release|x64.Build.0 = Release|x64
		{30387060-14A3-4A4F-AD15-E58D500105A9}.Release|x64.Deploy.0 = Release|x64
		{30387060-14A3-4A4F-AD15-E58D500105A9}.Release|x86.ActiveCfg = Release|x86
		{30387060-14A3-4A4F-AD15-E58D500105A9}.Release|x86.Build.0 = Release|x86
		{30387060-14A3-4A4F-AD15-E58D500105A9}.Release|x86.Deploy.0 = Release|x86
		{4E948C26-D094-415C-9014-0331646D87E1}.Debug|Any CPU.ActiveCfg = Debug|Any CPU
		{4E948C26-D094-415C-9014-0331646D87E1}.Debug|Any CPU.Build.0 = Debug|Any CPU
		{4E948C26-D094-415C-9014-0331646D87E1}.Debug|Any CPU.Deploy.0 = Debug|Any CPU
		{4E948C26-D094-415C-9014-0331646D87E1}.Debug|ARM.ActiveCfg = Debug|Any CPU
		{4E948C26-D094-415C-9014-0331646D87E1}.Debug|ARM.Build.0 = Debug|Any CPU
		{4E948C26-D094-415C-9014-0331646D87E1}.Debug|ARM.Deploy.0 = Debug|Any CPU
		{4E948C26-D094-415C-9014-0331646D87E1}.Debug|iPhone.ActiveCfg = Debug|Any CPU
		{4E948C26-D094-415C-9014-0331646D87E1}.Debug|iPhone.Build.0 = Debug|Any CPU
		{4E948C26-D094-415C-9014-0331646D87E1}.Debug|iPhone.Deploy.0 = Debug|Any CPU
		{4E948C26-D094-415C-9014-0331646D87E1}.Debug|iPhoneSimulator.ActiveCfg = Debug|Any CPU
		{4E948C26-D094-415C-9014-0331646D87E1}.Debug|iPhoneSimulator.Build.0 = Debug|Any CPU
		{4E948C26-D094-415C-9014-0331646D87E1}.Debug|iPhoneSimulator.Deploy.0 = Debug|Any CPU
		{4E948C26-D094-415C-9014-0331646D87E1}.Debug|x64.ActiveCfg = Debug|Any CPU
		{4E948C26-D094-415C-9014-0331646D87E1}.Debug|x64.Build.0 = Debug|Any CPU
		{4E948C26-D094-415C-9014-0331646D87E1}.Debug|x64.Deploy.0 = Debug|Any CPU
		{4E948C26-D094-415C-9014-0331646D87E1}.Debug|x86.ActiveCfg = Debug|Any CPU
		{4E948C26-D094-415C-9014-0331646D87E1}.Debug|x86.Build.0 = Debug|Any CPU
		{4E948C26-D094-415C-9014-0331646D87E1}.Debug|x86.Deploy.0 = Debug|Any CPU
		{4E948C26-D094-415C-9014-0331646D87E1}.Release|Any CPU.ActiveCfg = Release|Any CPU
		{4E948C26-D094-415C-9014-0331646D87E1}.Release|Any CPU.Build.0 = Release|Any CPU
		{4E948C26-D094-415C-9014-0331646D87E1}.Release|Any CPU.Deploy.0 = Release|Any CPU
		{4E948C26-D094-415C-9014-0331646D87E1}.Release|ARM.ActiveCfg = Release|Any CPU
		{4E948C26-D094-415C-9014-0331646D87E1}.Release|ARM.Build.0 = Release|Any CPU
		{4E948C26-D094-415C-9014-0331646D87E1}.Release|ARM.Deploy.0 = Release|Any CPU
		{4E948C26-D094-415C-9014-0331646D87E1}.Release|iPhone.ActiveCfg = Release|Any CPU
		{4E948C26-D094-415C-9014-0331646D87E1}.Release|iPhone.Build.0 = Release|Any CPU
		{4E948C26-D094-415C-9014-0331646D87E1}.Release|iPhone.Deploy.0 = Release|Any CPU
		{4E948C26-D094-415C-9014-0331646D87E1}.Release|iPhoneSimulator.ActiveCfg = Release|Any CPU
		{4E948C26-D094-415C-9014-0331646D87E1}.Release|iPhoneSimulator.Build.0 = Release|Any CPU
		{4E948C26-D094-415C-9014-0331646D87E1}.Release|iPhoneSimulator.Deploy.0 = Release|Any CPU
		{4E948C26-D094-415C-9014-0331646D87E1}.Release|x64.ActiveCfg = Release|Any CPU
		{4E948C26-D094-415C-9014-0331646D87E1}.Release|x64.Build.0 = Release|Any CPU
		{4E948C26-D094-415C-9014-0331646D87E1}.Release|x64.Deploy.0 = Release|Any CPU
		{4E948C26-D094-415C-9014-0331646D87E1}.Release|x86.ActiveCfg = Release|Any CPU
		{4E948C26-D094-415C-9014-0331646D87E1}.Release|x86.Build.0 = Release|Any CPU
		{4E948C26-D094-415C-9014-0331646D87E1}.Release|x86.Deploy.0 = Release|Any CPU
		{EA2415B6-FB9A-4541-86AA-F597639C68AD}.Debug|Any CPU.ActiveCfg = Debug|iPhone
		{EA2415B6-FB9A-4541-86AA-F597639C68AD}.Debug|Any CPU.Build.0 = Debug|iPhone
		{EA2415B6-FB9A-4541-86AA-F597639C68AD}.Debug|Any CPU.Deploy.0 = Debug|iPhone
		{EA2415B6-FB9A-4541-86AA-F597639C68AD}.Debug|ARM.ActiveCfg = Debug|iPhone
		{EA2415B6-FB9A-4541-86AA-F597639C68AD}.Debug|ARM.Build.0 = Debug|iPhone
		{EA2415B6-FB9A-4541-86AA-F597639C68AD}.Debug|ARM.Deploy.0 = Debug|iPhone
		{EA2415B6-FB9A-4541-86AA-F597639C68AD}.Debug|iPhone.ActiveCfg = Debug|iPhone
		{EA2415B6-FB9A-4541-86AA-F597639C68AD}.Debug|iPhone.Build.0 = Debug|iPhone
		{EA2415B6-FB9A-4541-86AA-F597639C68AD}.Debug|iPhone.Deploy.0 = Debug|iPhone
		{EA2415B6-FB9A-4541-86AA-F597639C68AD}.Debug|iPhoneSimulator.ActiveCfg = Debug|iPhoneSimulator
		{EA2415B6-FB9A-4541-86AA-F597639C68AD}.Debug|iPhoneSimulator.Build.0 = Debug|iPhoneSimulator
		{EA2415B6-FB9A-4541-86AA-F597639C68AD}.Debug|iPhoneSimulator.Deploy.0 = Debug|iPhoneSimulator
		{EA2415B6-FB9A-4541-86AA-F597639C68AD}.Debug|x64.ActiveCfg = Debug|iPhone
		{EA2415B6-FB9A-4541-86AA-F597639C68AD}.Debug|x64.Build.0 = Debug|iPhone
		{EA2415B6-FB9A-4541-86AA-F597639C68AD}.Debug|x64.Deploy.0 = Debug|iPhone
		{EA2415B6-FB9A-4541-86AA-F597639C68AD}.Debug|x86.ActiveCfg = Debug|iPhone
		{EA2415B6-FB9A-4541-86AA-F597639C68AD}.Debug|x86.Build.0 = Debug|iPhone
		{EA2415B6-FB9A-4541-86AA-F597639C68AD}.Debug|x86.Deploy.0 = Debug|iPhone
		{EA2415B6-FB9A-4541-86AA-F597639C68AD}.Release|Any CPU.ActiveCfg = Release|iPhone
		{EA2415B6-FB9A-4541-86AA-F597639C68AD}.Release|Any CPU.Build.0 = Release|iPhone
		{EA2415B6-FB9A-4541-86AA-F597639C68AD}.Release|Any CPU.Deploy.0 = Release|iPhone
		{EA2415B6-FB9A-4541-86AA-F597639C68AD}.Release|ARM.ActiveCfg = Release|iPhone
		{EA2415B6-FB9A-4541-86AA-F597639C68AD}.Release|ARM.Build.0 = Release|iPhone
		{EA2415B6-FB9A-4541-86AA-F597639C68AD}.Release|ARM.Deploy.0 = Release|iPhone
		{EA2415B6-FB9A-4541-86AA-F597639C68AD}.Release|iPhone.ActiveCfg = Release|iPhone
		{EA2415B6-FB9A-4541-86AA-F597639C68AD}.Release|iPhone.Build.0 = Release|iPhone
		{EA2415B6-FB9A-4541-86AA-F597639C68AD}.Release|iPhone.Deploy.0 = Release|iPhone
		{EA2415B6-FB9A-4541-86AA-F597639C68AD}.Release|iPhoneSimulator.ActiveCfg = Release|iPhoneSimulator
		{EA2415B6-FB9A-4541-86AA-F597639C68AD}.Release|iPhoneSimulator.Build.0 = Release|iPhoneSimulator
		{EA2415B6-FB9A-4541-86AA-F597639C68AD}.Release|iPhoneSimulator.Deploy.0 = Release|iPhoneSimulator
		{EA2415B6-FB9A-4541-86AA-F597639C68AD}.Release|x64.ActiveCfg = Release|iPhone
		{EA2415B6-FB9A-4541-86AA-F597639C68AD}.Release|x64.Build.0 = Release|iPhone
		{EA2415B6-FB9A-4541-86AA-F597639C68AD}.Release|x64.Deploy.0 = Release|iPhone
		{EA2415B6-FB9A-4541-86AA-F597639C68AD}.Release|x86.ActiveCfg = Release|iPhone
		{EA2415B6-FB9A-4541-86AA-F597639C68AD}.Release|x86.Build.0 = Release|iPhone
		{EA2415B6-FB9A-4541-86AA-F597639C68AD}.Release|x86.Deploy.0 = Release|iPhone
		{E883DE59-C4A5-47F4-8FB4-68C57EA2AB8B}.Debug|Any CPU.ActiveCfg = Debug|Any CPU
		{E883DE59-C4A5-47F4-8FB4-68C57EA2AB8B}.Debug|Any CPU.Build.0 = Debug|Any CPU
		{E883DE59-C4A5-47F4-8FB4-68C57EA2AB8B}.Debug|Any CPU.Deploy.0 = Debug|Any CPU
		{E883DE59-C4A5-47F4-8FB4-68C57EA2AB8B}.Debug|ARM.ActiveCfg = Debug|Any CPU
		{E883DE59-C4A5-47F4-8FB4-68C57EA2AB8B}.Debug|ARM.Build.0 = Debug|Any CPU
		{E883DE59-C4A5-47F4-8FB4-68C57EA2AB8B}.Debug|ARM.Deploy.0 = Debug|Any CPU
		{E883DE59-C4A5-47F4-8FB4-68C57EA2AB8B}.Debug|iPhone.ActiveCfg = Debug|Any CPU
		{E883DE59-C4A5-47F4-8FB4-68C57EA2AB8B}.Debug|iPhone.Build.0 = Debug|Any CPU
		{E883DE59-C4A5-47F4-8FB4-68C57EA2AB8B}.Debug|iPhone.Deploy.0 = Debug|Any CPU
		{E883DE59-C4A5-47F4-8FB4-68C57EA2AB8B}.Debug|iPhoneSimulator.ActiveCfg = Debug|Any CPU
		{E883DE59-C4A5-47F4-8FB4-68C57EA2AB8B}.Debug|iPhoneSimulator.Build.0 = Debug|Any CPU
		{E883DE59-C4A5-47F4-8FB4-68C57EA2AB8B}.Debug|iPhoneSimulator.Deploy.0 = Debug|Any CPU
		{E883DE59-C4A5-47F4-8FB4-68C57EA2AB8B}.Debug|x64.ActiveCfg = Debug|Any CPU
		{E883DE59-C4A5-47F4-8FB4-68C57EA2AB8B}.Debug|x64.Build.0 = Debug|Any CPU
		{E883DE59-C4A5-47F4-8FB4-68C57EA2AB8B}.Debug|x64.Deploy.0 = Debug|Any CPU
		{E883DE59-C4A5-47F4-8FB4-68C57EA2AB8B}.Debug|x86.ActiveCfg = Debug|Any CPU
		{E883DE59-C4A5-47F4-8FB4-68C57EA2AB8B}.Debug|x86.Build.0 = Debug|Any CPU
		{E883DE59-C4A5-47F4-8FB4-68C57EA2AB8B}.Debug|x86.Deploy.0 = Debug|Any CPU
		{E883DE59-C4A5-47F4-8FB4-68C57EA2AB8B}.Release|Any CPU.ActiveCfg = Release|Any CPU
		{E883DE59-C4A5-47F4-8FB4-68C57EA2AB8B}.Release|Any CPU.Build.0 = Release|Any CPU
		{E883DE59-C4A5-47F4-8FB4-68C57EA2AB8B}.Release|Any CPU.Deploy.0 = Release|Any CPU
		{E883DE59-C4A5-47F4-8FB4-68C57EA2AB8B}.Release|ARM.ActiveCfg = Release|Any CPU
		{E883DE59-C4A5-47F4-8FB4-68C57EA2AB8B}.Release|ARM.Build.0 = Release|Any CPU
		{E883DE59-C4A5-47F4-8FB4-68C57EA2AB8B}.Release|ARM.Deploy.0 = Release|Any CPU
		{E883DE59-C4A5-47F4-8FB4-68C57EA2AB8B}.Release|iPhone.ActiveCfg = Release|Any CPU
		{E883DE59-C4A5-47F4-8FB4-68C57EA2AB8B}.Release|iPhone.Build.0 = Release|Any CPU
		{E883DE59-C4A5-47F4-8FB4-68C57EA2AB8B}.Release|iPhone.Deploy.0 = Release|Any CPU
		{E883DE59-C4A5-47F4-8FB4-68C57EA2AB8B}.Release|iPhoneSimulator.ActiveCfg = Release|Any CPU
		{E883DE59-C4A5-47F4-8FB4-68C57EA2AB8B}.Release|iPhoneSimulator.Build.0 = Release|Any CPU
		{E883DE59-C4A5-47F4-8FB4-68C57EA2AB8B}.Release|iPhoneSimulator.Deploy.0 = Release|Any CPU
		{E883DE59-C4A5-47F4-8FB4-68C57EA2AB8B}.Release|x64.ActiveCfg = Release|Any CPU
		{E883DE59-C4A5-47F4-8FB4-68C57EA2AB8B}.Release|x64.Build.0 = Release|Any CPU
		{E883DE59-C4A5-47F4-8FB4-68C57EA2AB8B}.Release|x64.Deploy.0 = Release|Any CPU
		{E883DE59-C4A5-47F4-8FB4-68C57EA2AB8B}.Release|x86.ActiveCfg = Release|Any CPU
		{E883DE59-C4A5-47F4-8FB4-68C57EA2AB8B}.Release|x86.Build.0 = Release|Any CPU
		{E883DE59-C4A5-47F4-8FB4-68C57EA2AB8B}.Release|x86.Deploy.0 = Release|Any CPU
	EndGlobalSection
	GlobalSection(SolutionProperties) = preSolution
		HideSolutionNode = FALSE
	EndGlobalSection
	GlobalSection(ExtensibilityGlobals) = postSolution
		SolutionGuid = {40106378-36BF-4335-A3BF-C56FA3DFDFF9}
	EndGlobalSection
EndGlobal
